// !$*UTF8*$!
{
	archiveVersion = 1;
	classes = {
	};
	objectVersion = 55;
	objects = {

/* Begin PBXBuildFile section */
		D3CDD42627F3CC9800DC2CDB /* AppDelegate.swift in Sources */ = {isa = PBXBuildFile; fileRef = D3CDD42527F3CC9800DC2CDB /* AppDelegate.swift */; };
		D3CDD42827F3CC9800DC2CDB /* SceneDelegate.swift in Sources */ = {isa = PBXBuildFile; fileRef = D3CDD42727F3CC9800DC2CDB /* SceneDelegate.swift */; };
		D3CDD42A27F3CC9800DC2CDB /* ViewController.swift in Sources */ = {isa = PBXBuildFile; fileRef = D3CDD42927F3CC9800DC2CDB /* ViewController.swift */; };
		D3CDD42D27F3CC9800DC2CDB /* Main.storyboard in Resources */ = {isa = PBXBuildFile; fileRef = D3CDD42B27F3CC9800DC2CDB /* Main.storyboard */; };
		D3CDD43027F3CC9800DC2CDB /* Flavorfool.xcdatamodeld in Sources */ = {isa = PBXBuildFile; fileRef = D3CDD42E27F3CC9800DC2CDB /* Flavorfool.xcdatamodeld */; };
		D3CDD43227F3CC9A00DC2CDB /* Assets.xcassets in Resources */ = {isa = PBXBuildFile; fileRef = D3CDD43127F3CC9A00DC2CDB /* Assets.xcassets */; };
		D3CDD43527F3CC9A00DC2CDB /* LaunchScreen.storyboard in Resources */ = {isa = PBXBuildFile; fileRef = D3CDD43327F3CC9A00DC2CDB /* LaunchScreen.storyboard */; };
/* End PBXBuildFile section */

/* Begin PBXFileReference section */
		D3CDD42227F3CC9800DC2CDB /* Flavorfool.app */ = {isa = PBXFileReference; explicitFileType = wrapper.application; includeInIndex = 0; path = Flavorfool.app; sourceTree = BUILT_PRODUCTS_DIR; };
		D3CDD42527F3CC9800DC2CDB /* AppDelegate.swift */ = {isa = PBXFileReference; lastKnownFileType = sourcecode.swift; path = AppDelegate.swift; sourceTree = "<group>"; };
		D3CDD42727F3CC9800DC2CDB /* SceneDelegate.swift */ = {isa = PBXFileReference; lastKnownFileType = sourcecode.swift; path = SceneDelegate.swift; sourceTree = "<group>"; };
		D3CDD42927F3CC9800DC2CDB /* ViewController.swift */ = {isa = PBXFileReference; lastKnownFileType = sourcecode.swift; path = ViewController.swift; sourceTree = "<group>"; };
		D3CDD42C27F3CC9800DC2CDB /* Base */ = {isa = PBXFileReference; lastKnownFileType = file.storyboard; name = Base; path = Base.lproj/Main.storyboard; sourceTree = "<group>"; };
		D3CDD42F27F3CC9800DC2CDB /* Flavorfool.xcdatamodel */ = {isa = PBXFileReference; lastKnownFileType = wrapper.xcdatamodel; path = Flavorfool.xcdatamodel; sourceTree = "<group>"; };
		D3CDD43127F3CC9A00DC2CDB /* Assets.xcassets */ = {isa = PBXFileReference; lastKnownFileType = folder.assetcatalog; path = Assets.xcassets; sourceTree = "<group>"; };
		D3CDD43427F3CC9A00DC2CDB /* Base */ = {isa = PBXFileReference; lastKnownFileType = file.storyboard; name = Base; path = Base.lproj/LaunchScreen.storyboard; sourceTree = "<group>"; };
		D3CDD43627F3CC9A00DC2CDB /* Info.plist */ = {isa = PBXFileReference; lastKnownFileType = text.plist.xml; path = Info.plist; sourceTree = "<group>"; };
/* End PBXFileReference section */

/* Begin PBXFrameworksBuildPhase section */
		D3CDD41F27F3CC9800DC2CDB /* Frameworks */ = {
			isa = PBXFrameworksBuildPhase;
			buildActionMask = 2147483647;
			files = (
			);
			runOnlyForDeploymentPostprocessing = 0;
		};
/* End PBXFrameworksBuildPhase section */

/* Begin PBXGroup section */
		D3CDD41927F3CC9800DC2CDB = {
			isa = PBXGroup;
			children = (
				D3CDD42427F3CC9800DC2CDB /* Flavorfool */,
				D3CDD42327F3CC9800DC2CDB /* Products */,
			);
			sourceTree = "<group>";
		};
		D3CDD42327F3CC9800DC2CDB /* Products */ = {
			isa = PBXGroup;
			children = (
				D3CDD42227F3CC9800DC2CDB /* Flavorfool.app */,
			);
			name = Products;
			sourceTree = "<group>";
		};
		D3CDD42427F3CC9800DC2CDB /* Flavorfool */ = {
			isa = PBXGroup;
			children = (
				D3CDD42527F3CC9800DC2CDB /* AppDelegate.swift */,
				D3CDD42727F3CC9800DC2CDB /* SceneDelegate.swift */,
				D3CDD42927F3CC9800DC2CDB /* ViewController.swift */,
				D3CDD42B27F3CC9800DC2CDB /* Main.storyboard */,
				D3CDD43127F3CC9A00DC2CDB /* Assets.xcassets */,
				D3CDD43327F3CC9A00DC2CDB /* LaunchScreen.storyboard */,
				D3CDD43627F3CC9A00DC2CDB /* Info.plist */,
				D3CDD42E27F3CC9800DC2CDB /* Flavorfool.xcdatamodeld */,
			);
			path = Flavorfool;
			sourceTree = "<group>";
		};
/* End PBXGroup section */

/* Begin PBXNativeTarget section */
		D3CDD42127F3CC9800DC2CDB /* Flavorfool */ = {
			isa = PBXNativeTarget;
			buildConfigurationList = D3CDD43927F3CC9A00DC2CDB /* Build configuration list for PBXNativeTarget "Flavorfool" */;
			buildPhases = (
				D3CDD41E27F3CC9800DC2CDB /* Sources */,
				D3CDD41F27F3CC9800DC2CDB /* Frameworks */,
				D3CDD42027F3CC9800DC2CDB /* Resources */,
			);
			buildRules = (
			);
			dependencies = (
			);
			name = Flavorfool;
			productName = Flavorfool;
			productReference = D3CDD42227F3CC9800DC2CDB /* Flavorfool.app */;
			productType = "com.apple.product-type.application";
		};
/* End PBXNativeTarget section */

/* Begin PBXProject section */
		D3CDD41A27F3CC9800DC2CDB /* Project object */ = {
			isa = PBXProject;
			attributes = {
				BuildIndependentTargetsInParallel = 1;
				LastSwiftUpdateCheck = 1320;
				LastUpgradeCheck = 1320;
				TargetAttributes = {
					D3CDD42127F3CC9800DC2CDB = {
						CreatedOnToolsVersion = 13.2.1;
					};
				};
			};
			buildConfigurationList = D3CDD41D27F3CC9800DC2CDB /* Build configuration list for PBXProject "Flavorfool" */;
			compatibilityVersion = "Xcode 13.0";
			developmentRegion = en;
			hasScannedForEncodings = 0;
			knownRegions = (
				en,
				Base,
			);
			mainGroup = D3CDD41927F3CC9800DC2CDB;
			productRefGroup = D3CDD42327F3CC9800DC2CDB /* Products */;
			projectDirPath = "";
			projectRoot = "";
			targets = (
				D3CDD42127F3CC9800DC2CDB /* Flavorfool */,
			);
		};
/* End PBXProject section */

/* Begin PBXResourcesBuildPhase section */
		D3CDD42027F3CC9800DC2CDB /* Resources */ = {
			isa = PBXResourcesBuildPhase;
			buildActionMask = 2147483647;
			files = (
				D3CDD43527F3CC9A00DC2CDB /* LaunchScreen.storyboard in Resources */,
				D3CDD43227F3CC9A00DC2CDB /* Assets.xcassets in Resources */,
				D3CDD42D27F3CC9800DC2CDB /* Main.storyboard in Resources */,
			);
			runOnlyForDeploymentPostprocessing = 0;
		};
/* End PBXResourcesBuildPhase section */

/* Begin PBXSourcesBuildPhase section */
		D3CDD41E27F3CC9800DC2CDB /* Sources */ = {
			isa = PBXSourcesBuildPhase;
			buildActionMask = 2147483647;
			files = (
				D3CDD42A27F3CC9800DC2CDB /* ViewController.swift in Sources */,
				D3CDD43027F3CC9800DC2CDB /* Flavorfool.xcdatamodeld in Sources */,
				D3CDD42627F3CC9800DC2CDB /* AppDelegate.swift in Sources */,
				D3CDD42827F3CC9800DC2CDB /* SceneDelegate.swift in Sources */,
			);
			runOnlyForDeploymentPostprocessing = 0;
		};
/* End PBXSourcesBuildPhase section */

/* Begin PBXVariantGroup section */
		D3CDD42B27F3CC9800DC2CDB /* Main.storyboard */ = {
			isa = PBXVariantGroup;
			children = (
				D3CDD42C27F3CC9800DC2CDB /* Base */,
			);
			name = Main.storyboard;
			sourceTree = "<group>";
		};
		D3CDD43327F3CC9A00DC2CDB /* LaunchScreen.storyboard */ = {
			isa = PBXVariantGroup;
			children = (
				D3CDD43427F3CC9A00DC2CDB /* Base */,
			);
			name = LaunchScreen.storyboard;
			sourceTree = "<group>";
		};
/* End PBXVariantGroup section */

/* Begin XCBuildConfiguration section */
		D3CDD43727F3CC9A00DC2CDB /* Debug */ = {
			isa = XCBuildConfiguration;
			buildSettings = {
				ALWAYS_SEARCH_USER_PATHS = NO;
				CLANG_ANALYZER_NONNULL = YES;
				CLANG_ANALYZER_NUMBER_OBJECT_CONVERSION = YES_AGGRESSIVE;
				CLANG_CXX_LANGUAGE_STANDARD = "gnu++17";
				CLANG_CXX_LIBRARY = "libc++";
				CLANG_ENABLE_MODULES = YES;
				CLANG_ENABLE_OBJC_ARC = YES;
				CLANG_ENABLE_OBJC_WEAK = YES;
				CLANG_WARN_BLOCK_CAPTURE_AUTORELEASING = YES;
				CLANG_WARN_BOOL_CONVERSION = YES;
				CLANG_WARN_COMMA = YES;
				CLANG_WARN_CONSTANT_CONVERSION = YES;
				CLANG_WARN_DEPRECATED_OBJC_IMPLEMENTATIONS = YES;
				CLANG_WARN_DIRECT_OBJC_ISA_USAGE = YES_ERROR;
				CLANG_WARN_DOCUMENTATION_COMMENTS = YES;
				CLANG_WARN_EMPTY_BODY = YES;
				CLANG_WARN_ENUM_CONVERSION = YES;
				CLANG_WARN_INFINITE_RECURSION = YES;
				CLANG_WARN_INT_CONVERSION = YES;
				CLANG_WARN_NON_LITERAL_NULL_CONVERSION = YES;
				CLANG_WARN_OBJC_IMPLICIT_RETAIN_SELF = YES;
				CLANG_WARN_OBJC_LITERAL_CONVERSION = YES;
				CLANG_WARN_OBJC_ROOT_CLASS = YES_ERROR;
				CLANG_WARN_QUOTED_INCLUDE_IN_FRAMEWORK_HEADER = YES;
				CLANG_WARN_RANGE_LOOP_ANALYSIS = YES;
				CLANG_WARN_STRICT_PROTOTYPES = YES;
				CLANG_WARN_SUSPICIOUS_MOVE = YES;
				CLANG_WARN_UNGUARDED_AVAILABILITY = YES_AGGRESSIVE;
				CLANG_WARN_UNREACHABLE_CODE = YES;
				CLANG_WARN__DUPLICATE_METHOD_MATCH = YES;
				COPY_PHASE_STRIP = NO;
				DEBUG_INFORMATION_FORMAT = dwarf;
				ENABLE_STRICT_OBJC_MSGSEND = YES;
				ENABLE_TESTABILITY = YES;
				GCC_C_LANGUAGE_STANDARD = gnu11;
				GCC_DYNAMIC_NO_PIC = NO;
				GCC_NO_COMMON_BLOCKS = YES;
				GCC_OPTIMIZATION_LEVEL = 0;
				GCC_PREPROCESSOR_DEFINITIONS = (
					"DEBUG=1",
					"$(inherited)",
				);
				GCC_WARN_64_TO_32_BIT_CONVERSION = YES;
				GCC_WARN_ABOUT_RETURN_TYPE = YES_ERROR;
				GCC_WARN_UNDECLARED_SELECTOR = YES;
				GCC_WARN_UNINITIALIZED_AUTOS = YES_AGGRESSIVE;
				GCC_WARN_UNUSED_FUNCTION = YES;
				GCC_WARN_UNUSED_VARIABLE = YES;
				IPHONEOS_DEPLOYMENT_TARGET = 15.2;
				MTL_ENABLE_DEBUG_INFO = INCLUDE_SOURCE;
				MTL_FAST_MATH = YES;
				ONLY_ACTIVE_ARCH = YES;
				SDKROOT = iphoneos;
				SWIFT_ACTIVE_COMPILATION_CONDITIONS = DEBUG;
				SWIFT_OPTIMIZATION_LEVEL = "-Onone";
			};
			name = Debug;
		};
		D3CDD43827F3CC9A00DC2CDB /* Release */ = {
			isa = XCBuildConfiguration;
			buildSettings = {
				ALWAYS_SEARCH_USER_PATHS = NO;
				CLANG_ANALYZER_NONNULL = YES;
				CLANG_ANALYZER_NUMBER_OBJECT_CONVERSION = YES_AGGRESSIVE;
				CLANG_CXX_LANGUAGE_STANDARD = "gnu++17";
				CLANG_CXX_LIBRARY = "libc++";
				CLANG_ENABLE_MODULES = YES;
				CLANG_ENABLE_OBJC_ARC = YES;
				CLANG_ENABLE_OBJC_WEAK = YES;
				CLANG_WARN_BLOCK_CAPTURE_AUTORELEASING = YES;
				CLANG_WARN_BOOL_CONVERSION = YES;
				CLANG_WARN_COMMA = YES;
				CLANG_WARN_CONSTANT_CONVERSION = YES;
				CLANG_WARN_DEPRECATED_OBJC_IMPLEMENTATIONS = YES;
				CLANG_WARN_DIRECT_OBJC_ISA_USAGE = YES_ERROR;
				CLANG_WARN_DOCUMENTATION_COMMENTS = YES;
				CLANG_WARN_EMPTY_BODY = YES;
				CLANG_WARN_ENUM_CONVERSION = YES;
				CLANG_WARN_INFINITE_RECURSION = YES;
				CLANG_WARN_INT_CONVERSION = YES;
				CLANG_WARN_NON_LITERAL_NULL_CONVERSION = YES;
				CLANG_WARN_OBJC_IMPLICIT_RETAIN_SELF = YES;
				CLANG_WARN_OBJC_LITERAL_CONVERSION = YES;
				CLANG_WARN_OBJC_ROOT_CLASS = YES_ERROR;
				CLANG_WARN_QUOTED_INCLUDE_IN_FRAMEWORK_HEADER = YES;
				CLANG_WARN_RANGE_LOOP_ANALYSIS = YES;
				CLANG_WARN_STRICT_PROTOTYPES = YES;
				CLANG_WARN_SUSPICIOUS_MOVE = YES;
				CLANG_WARN_UNGUARDED_AVAILABILITY = YES_AGGRESSIVE;
				CLANG_WARN_UNREACHABLE_CODE = YES;
				CLANG_WARN__DUPLICATE_METHOD_MATCH = YES;
				COPY_PHASE_STRIP = NO;
				DEBUG_INFORMATION_FORMAT = "dwarf-with-dsym";
				ENABLE_NS_ASSERTIONS = NO;
				ENABLE_STRICT_OBJC_MSGSEND = YES;
				GCC_C_LANGUAGE_STANDARD = gnu11;
				GCC_NO_COMMON_BLOCKS = YES;
				GCC_WARN_64_TO_32_BIT_CONVERSION = YES;
				GCC_WARN_ABOUT_RETURN_TYPE = YES_ERROR;
				GCC_WARN_UNDECLARED_SELECTOR = YES;
				GCC_WARN_UNINITIALIZED_AUTOS = YES_AGGRESSIVE;
				GCC_WARN_UNUSED_FUNCTION = YES;
				GCC_WARN_UNUSED_VARIABLE = YES;
				IPHONEOS_DEPLOYMENT_TARGET = 15.2;
				MTL_ENABLE_DEBUG_INFO = NO;
				MTL_FAST_MATH = YES;
				SDKROOT = iphoneos;
				SWIFT_COMPILATION_MODE = wholemodule;
				SWIFT_OPTIMIZATION_LEVEL = "-O";
				VALIDATE_PRODUCT = YES;
			};
			name = Release;
		};
		D3CDD43A27F3CC9A00DC2CDB /* Debug */ = {
			isa = XCBuildConfiguration;
			buildSettings = {
				ASSETCATALOG_COMPILER_APPICON_NAME = AppIcon;
				ASSETCATALOG_COMPILER_GLOBAL_ACCENT_COLOR_NAME = AccentColor;
				CODE_SIGN_STYLE = Automatic;
				CURRENT_PROJECT_VERSION = 1;
				DEVELOPMENT_TEAM = J9FG8B64JQ;
				GENERATE_INFOPLIST_FILE = YES;
				INFOPLIST_FILE = Flavorfool/Info.plist;
				INFOPLIST_KEY_UIApplicationSupportsIndirectInputEvents = YES;
				INFOPLIST_KEY_UILaunchStoryboardName = LaunchScreen;
				INFOPLIST_KEY_UIMainStoryboardFile = Main;
				INFOPLIST_KEY_UISupportedInterfaceOrientations_iPad = "UIInterfaceOrientationPortrait UIInterfaceOrientationPortraitUpsideDown UIInterfaceOrientationLandscapeLeft UIInterfaceOrientationLandscapeRight";
				INFOPLIST_KEY_UISupportedInterfaceOrientations_iPhone = "UIInterfaceOrientationPortrait UIInterfaceOrientationLandscapeLeft UIInterfaceOrientationLandscapeRight";
				LD_RUNPATH_SEARCH_PATHS = (
					"$(inherited)",
					"@executable_path/Frameworks",
				);
				MARKETING_VERSION = 1.0;
				PRODUCT_BUNDLE_IDENTIFIER = com.ginotasis.Flavorfool;
				PRODUCT_NAME = "$(TARGET_NAME)";
				SWIFT_EMIT_LOC_STRINGS = YES;
				SWIFT_VERSION = 5.0;
				TARGETED_DEVICE_FAMILY = "1,2";
			};
			name = Debug;
		};
		D3CDD43B27F3CC9A00DC2CDB /* Release */ = {
			isa = XCBuildConfiguration;
			buildSettings = {
				ASSETCATALOG_COMPILER_APPICON_NAME = AppIcon;
				ASSETCATALOG_COMPILER_GLOBAL_ACCENT_COLOR_NAME = AccentColor;
				CODE_SIGN_STYLE = Automatic;
				CURRENT_PROJECT_VERSION = 1;
				DEVELOPMENT_TEAM = J9FG8B64JQ;
				GENERATE_INFOPLIST_FILE = YES;
				INFOPLIST_FILE = Flavorfool/Info.plist;
				INFOPLIST_KEY_UIApplicationSupportsIndirectInputEvents = YES;
				INFOPLIST_KEY_UILaunchStoryboardName = LaunchScreen;
				INFOPLIST_KEY_UIMainStoryboardFile = Main;
				INFOPLIST_KEY_UISupportedInterfaceOrientations_iPad = "UIInterfaceOrientationPortrait UIInterfaceOrientationPortraitUpsideDown UIInterfaceOrientationLandscapeLeft UIInterfaceOrientationLandscapeRight";
				INFOPLIST_KEY_UISupportedInterfaceOrientations_iPhone = "UIInterfaceOrientationPortrait UIInterfaceOrientationLandscapeLeft UIInterfaceOrientationLandscapeRight";
				LD_RUNPATH_SEARCH_PATHS = (
					"$(inherited)",
					"@executable_path/Frameworks",
				);
				MARKETING_VERSION = 1.0;
				PRODUCT_BUNDLE_IDENTIFIER = com.ginotasis.Flavorfool;
				PRODUCT_NAME = "$(TARGET_NAME)";
				SWIFT_EMIT_LOC_STRINGS = YES;
				SWIFT_VERSION = 5.0;
				TARGETED_DEVICE_FAMILY = "1,2";
			};
			name = Release;
		};
/* End XCBuildConfiguration section */

/* Begin XCConfigurationList section */
		D3CDD41D27F3CC9800DC2CDB /* Build configuration list for PBXProject "Flavorfool" */ = {
			isa = XCConfigurationList;
			buildConfigurations = (
				D3CDD43727F3CC9A00DC2CDB /* Debug */,
				D3CDD43827F3CC9A00DC2CDB /* Release */,
			);
			defaultConfigurationIsVisible = 0;
			defaultConfigurationName = Release;
		};
		D3CDD43927F3CC9A00DC2CDB /* Build configuration list for PBXNativeTarget "Flavorfool" */ = {
			isa = XCConfigurationList;
			buildConfigurations = (
				D3CDD43A27F3CC9A00DC2CDB /* Debug */,
				D3CDD43B27F3CC9A00DC2CDB /* Release */,
			);
			defaultConfigurationIsVisible = 0;
			defaultConfigurationName = Release;
		};
/* End XCConfigurationList section */

/* Begin XCVersionGroup section */
		D3CDD42E27F3CC9800DC2CDB /* Flavorfool.xcdatamodeld */ = {
			isa = XCVersionGroup;
			children = (
				D3CDD42F27F3CC9800DC2CDB /* Flavorfool.xcdatamodel */,
			);
			currentVersion = D3CDD42F27F3CC9800DC2CDB /* Flavorfool.xcdatamodel */;
			path = Flavorfool.xcdatamodeld;
			sourceTree = "<group>";
			versionGroupType = wrapper.xcdatamodel;
		};
/* End XCVersionGroup section */
	};
	rootObject = D3CDD41A27F3CC9800DC2CDB /* Project object */;
}
